// !$*UTF8*$!
{
	archiveVersion = 1;
	classes = {
	};
	objectVersion = 46;
	objects = {

/* Begin PBXBuildFile section */
		5D202E4A1ABBBFE100375C9C /* AppDelegate.swift in Sources */ = {isa = PBXBuildFile; fileRef = 5D202E491ABBBFE100375C9C /* AppDelegate.swift */; };
		5D202E4C1ABBBFE100375C9C /* ViewController.swift in Sources */ = {isa = PBXBuildFile; fileRef = 5D202E4B1ABBBFE100375C9C /* ViewController.swift */; };
		5D202E4F1ABBBFE100375C9C /* Main.storyboard in Resources */ = {isa = PBXBuildFile; fileRef = 5D202E4D1ABBBFE100375C9C /* Main.storyboard */; };
		5D202E541ABBBFE100375C9C /* LaunchScreen.xib in Resources */ = {isa = PBXBuildFile; fileRef = 5D202E521ABBBFE100375C9C /* LaunchScreen.xib */; };
		5D202E601ABBBFE100375C9C /* Mobile_AssistantTests.swift in Sources */ = {isa = PBXBuildFile; fileRef = 5D202E5F1ABBBFE100375C9C /* Mobile_AssistantTests.swift */; };
		5D202E6C1ABBC33500375C9C /* SideBar.swift in Sources */ = {isa = PBXBuildFile; fileRef = 5D202E6A1ABBC33500375C9C /* SideBar.swift */; };
		5D202E6D1ABBC33500375C9C /* SideBarTableViewController.swift in Sources */ = {isa = PBXBuildFile; fileRef = 5D202E6B1ABBC33500375C9C /* SideBarTableViewController.swift */; };
		5D202E711ABBF4F100375C9C /* PageItemController.swift in Sources */ = {isa = PBXBuildFile; fileRef = 5D202E701ABBF4F100375C9C /* PageItemController.swift */; };
		5D3B0DC71AC92D1E00BD8464 /* DisclaimerViewController.swift in Sources */ = {isa = PBXBuildFile; fileRef = 5D3B0DC61AC92D1E00BD8464 /* DisclaimerViewController.swift */; };
		5D3B0DC91AC92DB200BD8464 /* HelpViewController.swift in Sources */ = {isa = PBXBuildFile; fileRef = 5D3B0DC81AC92DB200BD8464 /* HelpViewController.swift */; };
		5D3B0DCB1AC92E7600BD8464 /* AboutAppViewController.swift in Sources */ = {isa = PBXBuildFile; fileRef = 5D3B0DCA1AC92E7600BD8464 /* AboutAppViewController.swift */; };
		5D3B0DCD1AC92E8500BD8464 /* AboutCSViewController.swift in Sources */ = {isa = PBXBuildFile; fileRef = 5D3B0DCC1AC92E8500BD8464 /* AboutCSViewController.swift */; };
		5D3B0DCF1AC9318100BD8464 /* HelpItemController.swift in Sources */ = {isa = PBXBuildFile; fileRef = 5D3B0DCE1AC9318100BD8464 /* HelpItemController.swift */; };
		5D3CA49D1ADF564A004BEC5E /* AlertDialogs.swift in Sources */ = {isa = PBXBuildFile; fileRef = 5D3CA49C1ADF564A004BEC5E /* AlertDialogs.swift */; };
		5D4F056B1ADCDA48000D9916 /* StartupOneViewController.swift in Sources */ = {isa = PBXBuildFile; fileRef = 5D4F056A1ADCDA48000D9916 /* StartupOneViewController.swift */; };
		5D4F056D1ADCF3DE000D9916 /* StartupTwoViewController.swift in Sources */ = {isa = PBXBuildFile; fileRef = 5D4F056C1ADCF3DE000D9916 /* StartupTwoViewController.swift */; };
		5D4F056F1ADCF41C000D9916 /* StartupThreeViewController.swift in Sources */ = {isa = PBXBuildFile; fileRef = 5D4F056E1ADCF41C000D9916 /* StartupThreeViewController.swift */; };
		5D4F05711ADCF42E000D9916 /* StartupFourViewController.swift in Sources */ = {isa = PBXBuildFile; fileRef = 5D4F05701ADCF42E000D9916 /* StartupFourViewController.swift */; };
		5D4F05731ADCF43D000D9916 /* StartupFiveViewController.swift in Sources */ = {isa = PBXBuildFile; fileRef = 5D4F05721ADCF43D000D9916 /* StartupFiveViewController.swift */; };
		5D4F05751ADE417B000D9916 /* TextEditorViewController.swift in Sources */ = {isa = PBXBuildFile; fileRef = 5D4F05741ADE417B000D9916 /* TextEditorViewController.swift */; };
		5D9F8B1C1AD7939800C3C710 /* TileSettingsTableViewController.swift in Sources */ = {isa = PBXBuildFile; fileRef = 5D9F8B1B1AD7939800C3C710 /* TileSettingsTableViewController.swift */; };
		5D9F8B1E1AD7B47C00C3C710 /* IconsCollectionViewController.swift in Sources */ = {isa = PBXBuildFile; fileRef = 5D9F8B1D1AD7B47C00C3C710 /* IconsCollectionViewController.swift */; };
		5DD3C2821ADB46FD00E8B864 /* IconCell.swift in Sources */ = {isa = PBXBuildFile; fileRef = 5DD3C2811ADB46FD00E8B864 /* IconCell.swift */; };
		5DD578A81AE486680011630E /* HRToast+UIView.swift in Sources */ = {isa = PBXBuildFile; fileRef = 5DD578A71AE486680011630E /* HRToast+UIView.swift */; };
		5DD6950B1AC3D5A8004B7497 /* GSettingsTableViewController.swift in Sources */ = {isa = PBXBuildFile; fileRef = 5DD6950A1AC3D5A8004B7497 /* GSettingsTableViewController.swift */; };
		5DD6950D1AC3D882004B7497 /* TileCell.swift in Sources */ = {isa = PBXBuildFile; fileRef = 5DD6950C1AC3D882004B7497 /* TileCell.swift */; };
		6055CA191B17F012008C7D95 /* QuartzCore.framework in Frameworks */ = {isa = PBXBuildFile; fileRef = 6055CA181B17F012008C7D95 /* QuartzCore.framework */; };
		60E06DDF1B059077000341A4 /* SSBarcodeScanner.swift in Sources */ = {isa = PBXBuildFile; fileRef = 60E06DDE1B059077000341A4 /* SSBarcodeScanner.swift */; };
		60E143451B0C18D500D4207C /* LoginSS.swift in Sources */ = {isa = PBXBuildFile; fileRef = 60E143441B0C18D500D4207C /* LoginSS.swift */; };
		60E2369B1B14485A0054F8BD /* MapKit.framework in Frameworks */ = {isa = PBXBuildFile; fileRef = 60E2369A1B1448590054F8BD /* MapKit.framework */; };
		60E542A31B2000580017342F /* AudioRecorder.swift in Sources */ = {isa = PBXBuildFile; fileRef = 60E542A21B2000580017342F /* AudioRecorder.swift */; };
		60E62D501B33F507008408E7 /* MobileCoreServices.framework in Frameworks */ = {isa = PBXBuildFile; fileRef = 60E62D4F1B33F507008408E7 /* MobileCoreServices.framework */; };
		60E891FA1B37ABC2006B6884 /* PhotoLibrary.swift in Sources */ = {isa = PBXBuildFile; fileRef = 60E891F91B37ABC2006B6884 /* PhotoLibrary.swift */; };
		60E90AE41B0AB2C800370317 /* Images.xcassets in Resources */ = {isa = PBXBuildFile; fileRef = 5D202E501ABBBFE100375C9C /* Images.xcassets */; };
		60E9C6211B153A31004D6D6F /* CoreLocation.framework in Frameworks */ = {isa = PBXBuildFile; fileRef = 60E9C6201B153A31004D6D6F /* CoreLocation.framework */; };
		60E9C6231B153A6E004D6D6F /* LocationManager.swift in Sources */ = {isa = PBXBuildFile; fileRef = 60E9C6221B153A6E004D6D6F /* LocationManager.swift */; };
		60E9C6251B156316004D6D6F /* SSMapview.swift in Sources */ = {isa = PBXBuildFile; fileRef = 60E9C6241B156316004D6D6F /* SSMapview.swift */; };
		60EA14971B37B53500911407 /* ViewPhoto.swift in Sources */ = {isa = PBXBuildFile; fileRef = 60EA14961B37B53500911407 /* ViewPhoto.swift */; };
		60EA14A11B37EB2F00911407 /* PhotoThumbnail.swift in Sources */ = {isa = PBXBuildFile; fileRef = 60EA14A01B37EB2F00911407 /* PhotoThumbnail.swift */; };
		60EA50D11B1D487C0015C2D1 /* MessageUI.framework in Frameworks */ = {isa = PBXBuildFile; fileRef = 60EA50D01B1D487C0015C2D1 /* MessageUI.framework */; };
		60EBCAA31B0170DA0071D1C4 /* libc++.dylib in Frameworks */ = {isa = PBXBuildFile; fileRef = 60EBCAA21B0170DA0071D1C4 /* libc++.dylib */; };
		60EBCAAA1B0171C90071D1C4 /* SSDatabase.swift in Sources */ = {isa = PBXBuildFile; fileRef = 60EBCAA91B0171C90071D1C4 /* SSDatabase.swift */; };
		60EEEA2B1B3254FD00367189 /* HelpView.swift in Sources */ = {isa = PBXBuildFile; fileRef = 60EEEA2A1B3254FD00367189 /* HelpView.swift */; };
		60F013641B1C35620068B1AF /* AVFoundation.framework in Frameworks */ = {isa = PBXBuildFile; fileRef = 60F013631B1C35620068B1AF /* AVFoundation.framework */; };
		9CFD57A41B2FAD9D00CD9935 /* APIFunctions.swift in Sources */ = {isa = PBXBuildFile; fileRef = 9CFD57A31B2FAD9D00CD9935 /* APIFunctions.swift */; };
		9CFD57A61B2FB1E900CD9935 /* Extensions.swift in Sources */ = {isa = PBXBuildFile; fileRef = 9CFD57A51B2FB1E900CD9935 /* Extensions.swift */; };
		9CFD57AC1B2FB8B400CD9935 /* ConnectionDetector.swift in Sources */ = {isa = PBXBuildFile; fileRef = 9CFD57AB1B2FB8B400CD9935 /* ConnectionDetector.swift */; };
/* End PBXBuildFile section */

/* Begin PBXContainerItemProxy section */
		5D202E5A1ABBBFE100375C9C /* PBXContainerItemProxy */ = {
			isa = PBXContainerItemProxy;
			containerPortal = 5D202E3C1ABBBFE100375C9C /* Project object */;
			proxyType = 1;
			remoteGlobalIDString = 5D202E431ABBBFE100375C9C;
			remoteInfo = "Mobile Assistant";
		};
/* End PBXContainerItemProxy section */

/* Begin PBXFileReference section */
		5D202E441ABBBFE100375C9C /* SmartStaff.app */ = {isa = PBXFileReference; explicitFileType = wrapper.application; includeInIndex = 0; path = SmartStaff.app; sourceTree = BUILT_PRODUCTS_DIR; };
		5D202E481ABBBFE100375C9C /* Info.plist */ = {isa = PBXFileReference; lastKnownFileType = text.plist.xml; path = Info.plist; sourceTree = "<group>"; };
		5D202E491ABBBFE100375C9C /* AppDelegate.swift */ = {isa = PBXFileReference; lastKnownFileType = sourcecode.swift; path = AppDelegate.swift; sourceTree = "<group>"; };
		5D202E4B1ABBBFE100375C9C /* ViewController.swift */ = {isa = PBXFileReference; lastKnownFileType = sourcecode.swift; path = ViewController.swift; sourceTree = "<group>"; };
		5D202E4E1ABBBFE100375C9C /* Base */ = {isa = PBXFileReference; lastKnownFileType = file.storyboard; name = Base; path = Base.lproj/Main.storyboard; sourceTree = "<group>"; };
		5D202E501ABBBFE100375C9C /* Images.xcassets */ = {isa = PBXFileReference; lastKnownFileType = folder.assetcatalog; path = Images.xcassets; sourceTree = "<group>"; };
		5D202E531ABBBFE100375C9C /* Base */ = {isa = PBXFileReference; lastKnownFileType = file.xib; name = Base; path = Base.lproj/LaunchScreen.xib; sourceTree = "<group>"; };
		5D202E591ABBBFE100375C9C /* SmartStaffTests.xctest */ = {isa = PBXFileReference; explicitFileType = wrapper.cfbundle; includeInIndex = 0; path = SmartStaffTests.xctest; sourceTree = BUILT_PRODUCTS_DIR; };
		5D202E5E1ABBBFE100375C9C /* Info.plist */ = {isa = PBXFileReference; lastKnownFileType = text.plist.xml; path = Info.plist; sourceTree = "<group>"; };
		5D202E5F1ABBBFE100375C9C /* Mobile_AssistantTests.swift */ = {isa = PBXFileReference; lastKnownFileType = sourcecode.swift; path = Mobile_AssistantTests.swift; sourceTree = "<group>"; };
		5D202E6A1ABBC33500375C9C /* SideBar.swift */ = {isa = PBXFileReference; fileEncoding = 4; lastKnownFileType = sourcecode.swift; path = SideBar.swift; sourceTree = "<group>"; };
		5D202E6B1ABBC33500375C9C /* SideBarTableViewController.swift */ = {isa = PBXFileReference; fileEncoding = 4; lastKnownFileType = sourcecode.swift; path = SideBarTableViewController.swift; sourceTree = "<group>"; };
		5D202E701ABBF4F100375C9C /* PageItemController.swift */ = {isa = PBXFileReference; fileEncoding = 4; lastKnownFileType = sourcecode.swift; path = PageItemController.swift; sourceTree = "<group>"; };
		5D3B0DC61AC92D1E00BD8464 /* DisclaimerViewController.swift */ = {isa = PBXFileReference; fileEncoding = 4; lastKnownFileType = sourcecode.swift; path = DisclaimerViewController.swift; sourceTree = "<group>"; };
		5D3B0DC81AC92DB200BD8464 /* HelpViewController.swift */ = {isa = PBXFileReference; fileEncoding = 4; lastKnownFileType = sourcecode.swift; path = HelpViewController.swift; sourceTree = "<group>"; };
		5D3B0DCA1AC92E7600BD8464 /* AboutAppViewController.swift */ = {isa = PBXFileReference; fileEncoding = 4; lastKnownFileType = sourcecode.swift; path = AboutAppViewController.swift; sourceTree = "<group>"; };
		5D3B0DCC1AC92E8500BD8464 /* AboutCSViewController.swift */ = {isa = PBXFileReference; fileEncoding = 4; lastKnownFileType = sourcecode.swift; path = AboutCSViewController.swift; sourceTree = "<group>"; };
		5D3B0DCE1AC9318100BD8464 /* HelpItemController.swift */ = {isa = PBXFileReference; fileEncoding = 4; lastKnownFileType = sourcecode.swift; path = HelpItemController.swift; sourceTree = "<group>"; };
		5D3CA49C1ADF564A004BEC5E /* AlertDialogs.swift */ = {isa = PBXFileReference; fileEncoding = 4; lastKnownFileType = sourcecode.swift; path = AlertDialogs.swift; sourceTree = "<group>"; };
		5D4F056A1ADCDA48000D9916 /* StartupOneViewController.swift */ = {isa = PBXFileReference; fileEncoding = 4; lastKnownFileType = sourcecode.swift; path = StartupOneViewController.swift; sourceTree = "<group>"; };
		5D4F056C1ADCF3DE000D9916 /* StartupTwoViewController.swift */ = {isa = PBXFileReference; fileEncoding = 4; lastKnownFileType = sourcecode.swift; path = StartupTwoViewController.swift; sourceTree = "<group>"; };
		5D4F056E1ADCF41C000D9916 /* StartupThreeViewController.swift */ = {isa = PBXFileReference; fileEncoding = 4; lastKnownFileType = sourcecode.swift; path = StartupThreeViewController.swift; sourceTree = "<group>"; };
		5D4F05701ADCF42E000D9916 /* StartupFourViewController.swift */ = {isa = PBXFileReference; fileEncoding = 4; lastKnownFileType = sourcecode.swift; path = StartupFourViewController.swift; sourceTree = "<group>"; };
		5D4F05721ADCF43D000D9916 /* StartupFiveViewController.swift */ = {isa = PBXFileReference; fileEncoding = 4; lastKnownFileType = sourcecode.swift; path = StartupFiveViewController.swift; sourceTree = "<group>"; };
		5D4F05741ADE417B000D9916 /* TextEditorViewController.swift */ = {isa = PBXFileReference; fileEncoding = 4; lastKnownFileType = sourcecode.swift; path = TextEditorViewController.swift; sourceTree = "<group>"; };
		5D9F8B1B1AD7939800C3C710 /* TileSettingsTableViewController.swift */ = {isa = PBXFileReference; fileEncoding = 4; lastKnownFileType = sourcecode.swift; path = TileSettingsTableViewController.swift; sourceTree = "<group>"; };
		5D9F8B1D1AD7B47C00C3C710 /* IconsCollectionViewController.swift */ = {isa = PBXFileReference; fileEncoding = 4; lastKnownFileType = sourcecode.swift; path = IconsCollectionViewController.swift; sourceTree = "<group>"; };
		5DD3C2811ADB46FD00E8B864 /* IconCell.swift */ = {isa = PBXFileReference; fileEncoding = 4; lastKnownFileType = sourcecode.swift; path = IconCell.swift; sourceTree = "<group>"; };
		5DD578A71AE486680011630E /* HRToast+UIView.swift */ = {isa = PBXFileReference; fileEncoding = 4; lastKnownFileType = sourcecode.swift; path = "HRToast+UIView.swift"; sourceTree = "<group>"; };
		5DD6950A1AC3D5A8004B7497 /* GSettingsTableViewController.swift */ = {isa = PBXFileReference; fileEncoding = 4; lastKnownFileType = sourcecode.swift; path = GSettingsTableViewController.swift; sourceTree = "<group>"; };
		5DD6950C1AC3D882004B7497 /* TileCell.swift */ = {isa = PBXFileReference; fileEncoding = 4; lastKnownFileType = sourcecode.swift; path = TileCell.swift; sourceTree = "<group>"; };
		6055CA181B17F012008C7D95 /* QuartzCore.framework */ = {isa = PBXFileReference; lastKnownFileType = wrapper.framework; name = QuartzCore.framework; path = System/Library/Frameworks/QuartzCore.framework; sourceTree = SDKROOT; };
		60E06DDE1B059077000341A4 /* SSBarcodeScanner.swift */ = {isa = PBXFileReference; fileEncoding = 4; lastKnownFileType = sourcecode.swift; name = SSBarcodeScanner.swift; path = ../SSBarcodeScanner.swift; sourceTree = "<group>"; };
		60E143441B0C18D500D4207C /* LoginSS.swift */ = {isa = PBXFileReference; fileEncoding = 4; lastKnownFileType = sourcecode.swift; name = LoginSS.swift; path = ../LoginSS.swift; sourceTree = "<group>"; };
		60E2369A1B1448590054F8BD /* MapKit.framework */ = {isa = PBXFileReference; lastKnownFileType = wrapper.framework; name = MapKit.framework; path = System/Library/Frameworks/MapKit.framework; sourceTree = SDKROOT; };
		60E542A21B2000580017342F /* AudioRecorder.swift */ = {isa = PBXFileReference; fileEncoding = 4; lastKnownFileType = sourcecode.swift; path = AudioRecorder.swift; sourceTree = "<group>"; };
		60E62D4F1B33F507008408E7 /* MobileCoreServices.framework */ = {isa = PBXFileReference; lastKnownFileType = wrapper.framework; name = MobileCoreServices.framework; path = System/Library/Frameworks/MobileCoreServices.framework; sourceTree = SDKROOT; };
		60E891F91B37ABC2006B6884 /* PhotoLibrary.swift */ = {isa = PBXFileReference; fileEncoding = 4; lastKnownFileType = sourcecode.swift; path = PhotoLibrary.swift; sourceTree = "<group>"; };
		60E9C6201B153A31004D6D6F /* CoreLocation.framework */ = {isa = PBXFileReference; lastKnownFileType = wrapper.framework; name = CoreLocation.framework; path = System/Library/Frameworks/CoreLocation.framework; sourceTree = SDKROOT; };
		60E9C6221B153A6E004D6D6F /* LocationManager.swift */ = {isa = PBXFileReference; fileEncoding = 4; lastKnownFileType = sourcecode.swift; path = LocationManager.swift; sourceTree = "<group>"; };
		60E9C6241B156316004D6D6F /* SSMapview.swift */ = {isa = PBXFileReference; fileEncoding = 4; lastKnownFileType = sourcecode.swift; path = SSMapview.swift; sourceTree = "<group>"; };
		60EA14961B37B53500911407 /* ViewPhoto.swift */ = {isa = PBXFileReference; fileEncoding = 4; lastKnownFileType = sourcecode.swift; path = ViewPhoto.swift; sourceTree = "<group>"; };
		60EA14A01B37EB2F00911407 /* PhotoThumbnail.swift */ = {isa = PBXFileReference; fileEncoding = 4; lastKnownFileType = sourcecode.swift; path = PhotoThumbnail.swift; sourceTree = "<group>"; };
		60EA50D01B1D487C0015C2D1 /* MessageUI.framework */ = {isa = PBXFileReference; lastKnownFileType = wrapper.framework; name = MessageUI.framework; path = System/Library/Frameworks/MessageUI.framework; sourceTree = SDKROOT; };
		60EBCAA21B0170DA0071D1C4 /* libc++.dylib */ = {isa = PBXFileReference; lastKnownFileType = "compiled.mach-o.dylib"; name = "libc++.dylib"; path = "usr/lib/libc++.dylib"; sourceTree = SDKROOT; };
		60EBCAA91B0171C90071D1C4 /* SSDatabase.swift */ = {isa = PBXFileReference; fileEncoding = 4; lastKnownFileType = sourcecode.swift; name = SSDatabase.swift; path = ../SSDatabase.swift; sourceTree = "<group>"; };
		60EEEA2A1B3254FD00367189 /* HelpView.swift */ = {isa = PBXFileReference; fileEncoding = 4; lastKnownFileType = sourcecode.swift; path = HelpView.swift; sourceTree = "<group>"; };
		60F013631B1C35620068B1AF /* AVFoundation.framework */ = {isa = PBXFileReference; lastKnownFileType = wrapper.framework; name = AVFoundation.framework; path = System/Library/Frameworks/AVFoundation.framework; sourceTree = SDKROOT; };
		9CFD57A31B2FAD9D00CD9935 /* APIFunctions.swift */ = {isa = PBXFileReference; fileEncoding = 4; lastKnownFileType = sourcecode.swift; path = APIFunctions.swift; sourceTree = "<group>"; };
		9CFD57A51B2FB1E900CD9935 /* Extensions.swift */ = {isa = PBXFileReference; fileEncoding = 4; lastKnownFileType = sourcecode.swift; path = Extensions.swift; sourceTree = "<group>"; };
		9CFD57A71B2FB23F00CD9935 /* SmartStaff-Bridging-Header.h */ = {isa = PBXFileReference; lastKnownFileType = sourcecode.c.h; path = "SmartStaff-Bridging-Header.h"; sourceTree = "<group>"; };
		9CFD57AA1B2FB2EA00CD9935 /* CommonCryptor.h */ = {isa = PBXFileReference; lastKnownFileType = sourcecode.c.h; path = CommonCryptor.h; sourceTree = "<group>"; };
		9CFD57AB1B2FB8B400CD9935 /* ConnectionDetector.swift */ = {isa = PBXFileReference; fileEncoding = 4; lastKnownFileType = sourcecode.swift; path = ConnectionDetector.swift; sourceTree = "<group>"; };
/* End PBXFileReference section */

/* Begin PBXFrameworksBuildPhase section */
		5D202E411ABBBFE100375C9C /* Frameworks */ = {
			isa = PBXFrameworksBuildPhase;
			buildActionMask = 2147483647;
			files = (
				60E62D501B33F507008408E7 /* MobileCoreServices.framework in Frameworks */,
				60EA50D11B1D487C0015C2D1 /* MessageUI.framework in Frameworks */,
				60F013641B1C35620068B1AF /* AVFoundation.framework in Frameworks */,
				6055CA191B17F012008C7D95 /* QuartzCore.framework in Frameworks */,
				60E9C6211B153A31004D6D6F /* CoreLocation.framework in Frameworks */,
				60E2369B1B14485A0054F8BD /* MapKit.framework in Frameworks */,
				60EBCAA31B0170DA0071D1C4 /* libc++.dylib in Frameworks */,
			);
			runOnlyForDeploymentPostprocessing = 0;
		};
		5D202E561ABBBFE100375C9C /* Frameworks */ = {
			isa = PBXFrameworksBuildPhase;
			buildActionMask = 2147483647;
			files = (
			);
			runOnlyForDeploymentPostprocessing = 0;
		};
/* End PBXFrameworksBuildPhase section */

/* Begin PBXGroup section */
		5D202E3B1ABBBFE100375C9C = {
			isa = PBXGroup;
			children = (
				5D202E461ABBBFE100375C9C /* Mobile SmartStaff */,
				60EBCAA41B0170E10071D1C4 /* Framework */,
				5D202E5C1ABBBFE100375C9C /* Mobile SmartStaffTests */,
				5D202E451ABBBFE100375C9C /* Products */,
			);
			sourceTree = "<group>";
		};
		5D202E451ABBBFE100375C9C /* Products */ = {
			isa = PBXGroup;
			children = (
				5D202E441ABBBFE100375C9C /* SmartStaff.app */,
				5D202E591ABBBFE100375C9C /* SmartStaffTests.xctest */,
			);
			name = Products;
			sourceTree = "<group>";
		};
		5D202E461ABBBFE100375C9C /* Mobile SmartStaff */ = {
			isa = PBXGroup;
			children = (
				5D3CA49C1ADF564A004BEC5E /* AlertDialogs.swift */,
				60E9C6221B153A6E004D6D6F /* LocationManager.swift */,
				5D202E491ABBBFE100375C9C /* AppDelegate.swift */,
				60EBCAA91B0171C90071D1C4 /* SSDatabase.swift */,
				60E143441B0C18D500D4207C /* LoginSS.swift */,
				60E06DDE1B059077000341A4 /* SSBarcodeScanner.swift */,
				5D202E4B1ABBBFE100375C9C /* ViewController.swift */,
				60E891F91B37ABC2006B6884 /* PhotoLibrary.swift */,
				60EA14961B37B53500911407 /* ViewPhoto.swift */,
				60E542A21B2000580017342F /* AudioRecorder.swift */,
				60E9C6241B156316004D6D6F /* SSMapview.swift */,
				5D202E4D1ABBBFE100375C9C /* Main.storyboard */,
				60EA14A01B37EB2F00911407 /* PhotoThumbnail.swift */,
				5D202E501ABBBFE100375C9C /* Images.xcassets */,
				5D202E521ABBBFE100375C9C /* LaunchScreen.xib */,
				5D202E691ABBC33500375C9C /* SidebarLibrary */,
				5D202E471ABBBFE100375C9C /* Supporting Files */,
				5D202E701ABBF4F100375C9C /* PageItemController.swift */,
				5DD6950A1AC3D5A8004B7497 /* GSettingsTableViewController.swift */,
				5DD6950C1AC3D882004B7497 /* TileCell.swift */,
				5D3B0DC61AC92D1E00BD8464 /* DisclaimerViewController.swift */,
				5D3B0DC81AC92DB200BD8464 /* HelpViewController.swift */,
				5D3B0DCA1AC92E7600BD8464 /* AboutAppViewController.swift */,
				60EEEA2A1B3254FD00367189 /* HelpView.swift */,
				5D3B0DCC1AC92E8500BD8464 /* AboutCSViewController.swift */,
				5D3B0DCE1AC9318100BD8464 /* HelpItemController.swift */,
				5D9F8B1B1AD7939800C3C710 /* TileSettingsTableViewController.swift */,
				5D9F8B1D1AD7B47C00C3C710 /* IconsCollectionViewController.swift */,
				5DD3C2811ADB46FD00E8B864 /* IconCell.swift */,
				5D4F056A1ADCDA48000D9916 /* StartupOneViewController.swift */,
				5D4F056C1ADCF3DE000D9916 /* StartupTwoViewController.swift */,
				5D4F056E1ADCF41C000D9916 /* StartupThreeViewController.swift */,
				5D4F05701ADCF42E000D9916 /* StartupFourViewController.swift */,
				5D4F05721ADCF43D000D9916 /* StartupFiveViewController.swift */,
				5D4F05741ADE417B000D9916 /* TextEditorViewController.swift */,
				5DD578A41AE4861A0011630E /* Toast */,
				9CFD57A31B2FAD9D00CD9935 /* APIFunctions.swift */,
				9CFD57A51B2FB1E900CD9935 /* Extensions.swift */,
				9CFD57AA1B2FB2EA00CD9935 /* CommonCryptor.h */,
				9CFD57A71B2FB23F00CD9935 /* SmartStaff-Bridging-Header.h */,
				9CFD57AB1B2FB8B400CD9935 /* ConnectionDetector.swift */,
			);
			name = "Mobile SmartStaff";
			path = "Mobile Assistant";
			sourceTree = "<group>";
		};
		5D202E471ABBBFE100375C9C /* Supporting Files */ = {
			isa = PBXGroup;
			children = (
				5D202E481ABBBFE100375C9C /* Info.plist */,
			);
			name = "Supporting Files";
			sourceTree = "<group>";
		};
		5D202E5C1ABBBFE100375C9C /* Mobile SmartStaffTests */ = {
			isa = PBXGroup;
			children = (
				5D202E5F1ABBBFE100375C9C /* Mobile_AssistantTests.swift */,
				5D202E5D1ABBBFE100375C9C /* Supporting Files */,
			);
			name = "Mobile SmartStaffTests";
			path = "Mobile AssistantTests";
			sourceTree = "<group>";
		};
		5D202E5D1ABBBFE100375C9C /* Supporting Files */ = {
			isa = PBXGroup;
			children = (
				5D202E5E1ABBBFE100375C9C /* Info.plist */,
			);
			name = "Supporting Files";
			sourceTree = "<group>";
		};
		5D202E691ABBC33500375C9C /* SidebarLibrary */ = {
			isa = PBXGroup;
			children = (
				5D202E6A1ABBC33500375C9C /* SideBar.swift */,
				5D202E6B1ABBC33500375C9C /* SideBarTableViewController.swift */,
			);
			path = SidebarLibrary;
			sourceTree = "<group>";
		};
		5DD578A41AE4861A0011630E /* Toast */ = {
			isa = PBXGroup;
			children = (
				5DD578A71AE486680011630E /* HRToast+UIView.swift */,
			);
			name = Toast;
			sourceTree = "<group>";
		};
		60EBCAA41B0170E10071D1C4 /* Framework */ = {
			isa = PBXGroup;
			children = (
				60E62D4F1B33F507008408E7 /* MobileCoreServices.framework */,
				60EA50D01B1D487C0015C2D1 /* MessageUI.framework */,
				60F013631B1C35620068B1AF /* AVFoundation.framework */,
				6055CA181B17F012008C7D95 /* QuartzCore.framework */,
				60E9C6201B153A31004D6D6F /* CoreLocation.framework */,
				60E2369A1B1448590054F8BD /* MapKit.framework */,
				60EBCAA21B0170DA0071D1C4 /* libc++.dylib */,
			);
			name = Framework;
			sourceTree = "<group>";
		};
/* End PBXGroup section */

/* Begin PBXNativeTarget section */
		5D202E431ABBBFE100375C9C /* SmartStaff */ = {
			isa = PBXNativeTarget;
			buildConfigurationList = 5D202E631ABBBFE100375C9C /* Build configuration list for PBXNativeTarget "SmartStaff" */;
			buildPhases = (
				5D202E401ABBBFE100375C9C /* Sources */,
				5D202E411ABBBFE100375C9C /* Frameworks */,
				5D202E421ABBBFE100375C9C /* Resources */,
			);
			buildRules = (
			);
			dependencies = (
			);
			name = SmartStaff;
			productName = "Mobile Assistant";
			productReference = 5D202E441ABBBFE100375C9C /* SmartStaff.app */;
			productType = "com.apple.product-type.application";
		};
		5D202E581ABBBFE100375C9C /* SmartStaffTests */ = {
			isa = PBXNativeTarget;
			buildConfigurationList = 5D202E661ABBBFE100375C9C /* Build configuration list for PBXNativeTarget "SmartStaffTests" */;
			buildPhases = (
				5D202E551ABBBFE100375C9C /* Sources */,
				5D202E561ABBBFE100375C9C /* Frameworks */,
				5D202E571ABBBFE100375C9C /* Resources */,
			);
			buildRules = (
			);
			dependencies = (
				5D202E5B1ABBBFE100375C9C /* PBXTargetDependency */,
			);
			name = SmartStaffTests;
			productName = "Mobile AssistantTests";
			productReference = 5D202E591ABBBFE100375C9C /* SmartStaffTests.xctest */;
			productType = "com.apple.product-type.bundle.unit-test";
		};
/* End PBXNativeTarget section */

/* Begin PBXProject section */
		5D202E3C1ABBBFE100375C9C /* Project object */ = {
			isa = PBXProject;
			attributes = {
				LastUpgradeCheck = 0620;
				ORGANIZATIONNAME = Cloudstaff;
				TargetAttributes = {
					5D202E431ABBBFE100375C9C = {
						CreatedOnToolsVersion = 6.2;
						SystemCapabilities = {
							com.apple.BackgroundModes = {
								enabled = 1;
							};
						};
					};
					5D202E581ABBBFE100375C9C = {
						CreatedOnToolsVersion = 6.2;
						TestTargetID = 5D202E431ABBBFE100375C9C;
					};
				};
			};
			buildConfigurationList = 5D202E3F1ABBBFE100375C9C /* Build configuration list for PBXProject "SmartStaff" */;
			compatibilityVersion = "Xcode 3.2";
			developmentRegion = English;
			hasScannedForEncodings = 0;
			knownRegions = (
				en,
				Base,
			);
			mainGroup = 5D202E3B1ABBBFE100375C9C;
			productRefGroup = 5D202E451ABBBFE100375C9C /* Products */;
			projectDirPath = "";
			projectRoot = "";
			targets = (
				5D202E431ABBBFE100375C9C /* SmartStaff */,
				5D202E581ABBBFE100375C9C /* SmartStaffTests */,
			);
		};
/* End PBXProject section */

/* Begin PBXResourcesBuildPhase section */
		5D202E421ABBBFE100375C9C /* Resources */ = {
			isa = PBXResourcesBuildPhase;
			buildActionMask = 2147483647;
			files = (
				60E90AE41B0AB2C800370317 /* Images.xcassets in Resources */,
				5D202E4F1ABBBFE100375C9C /* Main.storyboard in Resources */,
				5D202E541ABBBFE100375C9C /* LaunchScreen.xib in Resources */,
			);
			runOnlyForDeploymentPostprocessing = 0;
		};
		5D202E571ABBBFE100375C9C /* Resources */ = {
			isa = PBXResourcesBuildPhase;
			buildActionMask = 2147483647;
			files = (
			);
			runOnlyForDeploymentPostprocessing = 0;
		};
/* End PBXResourcesBuildPhase section */

/* Begin PBXSourcesBuildPhase section */
		5D202E401ABBBFE100375C9C /* Sources */ = {
			isa = PBXSourcesBuildPhase;
			buildActionMask = 2147483647;
			files = (
				5D9F8B1C1AD7939800C3C710 /* TileSettingsTableViewController.swift in Sources */,
				5DD578A81AE486680011630E /* HRToast+UIView.swift in Sources */,
				5DD6950B1AC3D5A8004B7497 /* GSettingsTableViewController.swift in Sources */,
				5D4F05751ADE417B000D9916 /* TextEditorViewController.swift in Sources */,
				9CFD57A41B2FAD9D00CD9935 /* APIFunctions.swift in Sources */,
				5DD6950D1AC3D882004B7497 /* TileCell.swift in Sources */,
				5D202E6D1ABBC33500375C9C /* SideBarTableViewController.swift in Sources */,
				60E9C6231B153A6E004D6D6F /* LocationManager.swift in Sources */,
				5D202E4C1ABBBFE100375C9C /* ViewController.swift in Sources */,
				5D4F05711ADCF42E000D9916 /* StartupFourViewController.swift in Sources */,
				5D3B0DC91AC92DB200BD8464 /* HelpViewController.swift in Sources */,
				5D3CA49D1ADF564A004BEC5E /* AlertDialogs.swift in Sources */,
				5D202E6C1ABBC33500375C9C /* SideBar.swift in Sources */,
				60E06DDF1B059077000341A4 /* SSBarcodeScanner.swift in Sources */,
				5D3B0DC71AC92D1E00BD8464 /* DisclaimerViewController.swift in Sources */,
				5D3B0DCF1AC9318100BD8464 /* HelpItemController.swift in Sources */,
				60EBCAAA1B0171C90071D1C4 /* SSDatabase.swift in Sources */,
				5D4F05731ADCF43D000D9916 /* StartupFiveViewController.swift in Sources */,
				60E891FA1B37ABC2006B6884 /* PhotoLibrary.swift in Sources */,
				5D202E4A1ABBBFE100375C9C /* AppDelegate.swift in Sources */,
				9CFD57A61B2FB1E900CD9935 /* Extensions.swift in Sources */,
				5D4F056F1ADCF41C000D9916 /* StartupThreeViewController.swift in Sources */,
				5D4F056D1ADCF3DE000D9916 /* StartupTwoViewController.swift in Sources */,
				60E143451B0C18D500D4207C /* LoginSS.swift in Sources */,
				5D3B0DCB1AC92E7600BD8464 /* AboutAppViewController.swift in Sources */,
				60EA14A11B37EB2F00911407 /* PhotoThumbnail.swift in Sources */,
				5DD3C2821ADB46FD00E8B864 /* IconCell.swift in Sources */,
				60E9C6251B156316004D6D6F /* SSMapview.swift in Sources */,
				60E542A31B2000580017342F /* AudioRecorder.swift in Sources */,
				5D9F8B1E1AD7B47C00C3C710 /* IconsCollectionViewController.swift in Sources */,
				5D4F056B1ADCDA48000D9916 /* StartupOneViewController.swift in Sources */,
				9CFD57AC1B2FB8B400CD9935 /* ConnectionDetector.swift in Sources */,
				5D202E711ABBF4F100375C9C /* PageItemController.swift in Sources */,
				60EA14971B37B53500911407 /* ViewPhoto.swift in Sources */,
				60EEEA2B1B3254FD00367189 /* HelpView.swift in Sources */,
				5D3B0DCD1AC92E8500BD8464 /* AboutCSViewController.swift in Sources */,
			);
			runOnlyForDeploymentPostprocessing = 0;
		};
		5D202E551ABBBFE100375C9C /* Sources */ = {
			isa = PBXSourcesBuildPhase;
			buildActionMask = 2147483647;
			files = (
				5D202E601ABBBFE100375C9C /* Mobile_AssistantTests.swift in Sources */,
			);
			runOnlyForDeploymentPostprocessing = 0;
		};
/* End PBXSourcesBuildPhase section */

/* Begin PBXTargetDependency section */
		5D202E5B1ABBBFE100375C9C /* PBXTargetDependency */ = {
			isa = PBXTargetDependency;
			target = 5D202E431ABBBFE100375C9C /* SmartStaff */;
			targetProxy = 5D202E5A1ABBBFE100375C9C /* PBXContainerItemProxy */;
		};
/* End PBXTargetDependency section */

/* Begin PBXVariantGroup section */
		5D202E4D1ABBBFE100375C9C /* Main.storyboard */ = {
			isa = PBXVariantGroup;
			children = (
				5D202E4E1ABBBFE100375C9C /* Base */,
			);
			name = Main.storyboard;
			sourceTree = "<group>";
		};
		5D202E521ABBBFE100375C9C /* LaunchScreen.xib */ = {
			isa = PBXVariantGroup;
			children = (
				5D202E531ABBBFE100375C9C /* Base */,
			);
			name = LaunchScreen.xib;
			sourceTree = "<group>";
		};
/* End PBXVariantGroup section */

/* Begin XCBuildConfiguration section */
		5D202E611ABBBFE100375C9C /* Debug */ = {
			isa = XCBuildConfiguration;
			buildSettings = {
				ALWAYS_SEARCH_USER_PATHS = NO;
				CLANG_CXX_LANGUAGE_STANDARD = "gnu++0x";
				CLANG_CXX_LIBRARY = "libc++";
				CLANG_ENABLE_MODULES = YES;
				CLANG_ENABLE_OBJC_ARC = YES;
				CLANG_WARN_BOOL_CONVERSION = YES;
				CLANG_WARN_CONSTANT_CONVERSION = YES;
				CLANG_WARN_DIRECT_OBJC_ISA_USAGE = YES_ERROR;
				CLANG_WARN_EMPTY_BODY = YES;
				CLANG_WARN_ENUM_CONVERSION = YES;
				CLANG_WARN_INT_CONVERSION = YES;
				CLANG_WARN_OBJC_ROOT_CLASS = YES_ERROR;
				CLANG_WARN_UNREACHABLE_CODE = YES;
				CLANG_WARN__DUPLICATE_METHOD_MATCH = YES;
				"CODE_SIGN_IDENTITY[sdk=iphoneos*]" = "iPhone Developer";
				COPY_PHASE_STRIP = NO;
				ENABLE_STRICT_OBJC_MSGSEND = YES;
				GCC_C_LANGUAGE_STANDARD = gnu99;
				GCC_DYNAMIC_NO_PIC = NO;
				GCC_OPTIMIZATION_LEVEL = 0;
				GCC_PREPROCESSOR_DEFINITIONS = (
					"DEBUG=1",
					"$(inherited)",
				);
				GCC_SYMBOLS_PRIVATE_EXTERN = NO;
				GCC_WARN_64_TO_32_BIT_CONVERSION = YES;
				GCC_WARN_ABOUT_RETURN_TYPE = YES_ERROR;
				GCC_WARN_UNDECLARED_SELECTOR = YES;
				GCC_WARN_UNINITIALIZED_AUTOS = YES_AGGRESSIVE;
				GCC_WARN_UNUSED_FUNCTION = YES;
				GCC_WARN_UNUSED_VARIABLE = YES;
				IPHONEOS_DEPLOYMENT_TARGET = 8.2;
				MTL_ENABLE_DEBUG_INFO = YES;
				ONLY_ACTIVE_ARCH = YES;
				SDKROOT = iphoneos;
				SWIFT_OPTIMIZATION_LEVEL = "-Onone";
				TARGETED_DEVICE_FAMILY = "1,2";
			};
			name = Debug;
		};
		5D202E621ABBBFE100375C9C /* Release */ = {
			isa = XCBuildConfiguration;
			buildSettings = {
				ALWAYS_SEARCH_USER_PATHS = NO;
				CLANG_CXX_LANGUAGE_STANDARD = "gnu++0x";
				CLANG_CXX_LIBRARY = "libc++";
				CLANG_ENABLE_MODULES = YES;
				CLANG_ENABLE_OBJC_ARC = YES;
				CLANG_WARN_BOOL_CONVERSION = YES;
				CLANG_WARN_CONSTANT_CONVERSION = YES;
				CLANG_WARN_DIRECT_OBJC_ISA_USAGE = YES_ERROR;
				CLANG_WARN_EMPTY_BODY = YES;
				CLANG_WARN_ENUM_CONVERSION = YES;
				CLANG_WARN_INT_CONVERSION = YES;
				CLANG_WARN_OBJC_ROOT_CLASS = YES_ERROR;
				CLANG_WARN_UNREACHABLE_CODE = YES;
				CLANG_WARN__DUPLICATE_METHOD_MATCH = YES;
				"CODE_SIGN_IDENTITY[sdk=iphoneos*]" = "iPhone Developer";
				COPY_PHASE_STRIP = NO;
				ENABLE_NS_ASSERTIONS = NO;
				ENABLE_STRICT_OBJC_MSGSEND = YES;
				GCC_C_LANGUAGE_STANDARD = gnu99;
				GCC_WARN_64_TO_32_BIT_CONVERSION = YES;
				GCC_WARN_ABOUT_RETURN_TYPE = YES_ERROR;
				GCC_WARN_UNDECLARED_SELECTOR = YES;
				GCC_WARN_UNINITIALIZED_AUTOS = YES_AGGRESSIVE;
				GCC_WARN_UNUSED_FUNCTION = YES;
				GCC_WARN_UNUSED_VARIABLE = YES;
				IPHONEOS_DEPLOYMENT_TARGET = 8.2;
				MTL_ENABLE_DEBUG_INFO = NO;
				SDKROOT = iphoneos;
				TARGETED_DEVICE_FAMILY = "1,2";
				VALIDATE_PRODUCT = YES;
			};
			name = Release;
		};
		5D202E641ABBBFE100375C9C /* Debug */ = {
			isa = XCBuildConfiguration;
			buildSettings = {
				ASSETCATALOG_COMPILER_APPICON_NAME = "AppIcon-1";
				CLANG_ENABLE_MODULES = YES;
				FRAMEWORK_SEARCH_PATHS = (
					"$(inherited)",
					"/Users/rhoverf/Desktop/realm-cocoa-0.91.5/ios",
				);
				INFOPLIST_FILE = "Mobile Assistant/Info.plist";
				IPHONEOS_DEPLOYMENT_TARGET = 8.3;
				LD_RUNPATH_SEARCH_PATHS = "$(inherited) @executable_path/Frameworks";
				PRODUCT_NAME = SmartStaff;
				SWIFT_OBJC_BRIDGING_HEADER = "Mobile Assistant/SmartStaff-Bridging-Header.h";
				SWIFT_OPTIMIZATION_LEVEL = "-Onone";
				TARGETED_DEVICE_FAMILY = 1;
			};
			name = Debug;
		};
		5D202E651ABBBFE100375C9C /* Release */ = {
			isa = XCBuildConfiguration;
			buildSettings = {
				ASSETCATALOG_COMPILER_APPICON_NAME = "AppIcon-1";
				CLANG_ENABLE_MODULES = YES;
				FRAMEWORK_SEARCH_PATHS = (
					"$(inherited)",
					"/Users/rhoverf/Desktop/realm-cocoa-0.91.5/ios",
				);
				INFOPLIST_FILE = "Mobile Assistant/Info.plist";
				IPHONEOS_DEPLOYMENT_TARGET = 8.3;
				LD_RUNPATH_SEARCH_PATHS = "$(inherited) @executable_path/Frameworks";
				PRODUCT_NAME = SmartStaff;
				SWIFT_OBJC_BRIDGING_HEADER = "Mobile Assistant/SmartStaff-Bridging-Header.h";
				TARGETED_DEVICE_FAMILY = 1;
			};
			name = Release;
		};
		5D202E671ABBBFE100375C9C /* Debug */ = {
			isa = XCBuildConfiguration;
			buildSettings = {
				BUNDLE_LOADER = "$(TEST_HOST)";
				FRAMEWORK_SEARCH_PATHS = (
					"$(SDKROOT)/Developer/Library/Frameworks",
					"$(inherited)",
				);
				GCC_PREPROCESSOR_DEFINITIONS = (
					"DEBUG=1",
					"$(inherited)",
				);
				INFOPLIST_FILE = "Mobile AssistantTests/Info.plist";
				LD_RUNPATH_SEARCH_PATHS = "$(inherited) @executable_path/Frameworks @loader_path/Frameworks";
				PRODUCT_NAME = SmartStaffTests;
				TEST_HOST = "";
			};
			name = Debug;
		};
		5D202E681ABBBFE100375C9C /* Release */ = {
			isa = XCBuildConfiguration;
			buildSettings = {
				BUNDLE_LOADER = "$(TEST_HOST)";
				FRAMEWORK_SEARCH_PATHS = (
					"$(SDKROOT)/Developer/Library/Frameworks",
					"$(inherited)",
				);
				INFOPLIST_FILE = "Mobile AssistantTests/Info.plist";
				LD_RUNPATH_SEARCH_PATHS = "$(inherited) @executable_path/Frameworks @loader_path/Frameworks";
				PRODUCT_NAME = SmartStaffTests;
				TEST_HOST = "";
			};
			name = Release;
		};
/* End XCBuildConfiguration section */

/* Begin XCConfigurationList section */
		5D202E3F1ABBBFE100375C9C /* Build configuration list for PBXProject "SmartStaff" */ = {
			isa = XCConfigurationList;
			buildConfigurations = (
				5D202E611ABBBFE100375C9C /* Debug */,
				5D202E621ABBBFE100375C9C /* Release */,
			);
			defaultConfigurationIsVisible = 0;
			defaultConfigurationName = Release;
		};
		5D202E631ABBBFE100375C9C /* Build configuration list for PBXNativeTarget "SmartStaff" */ = {
			isa = XCConfigurationList;
			buildConfigurations = (
				5D202E641ABBBFE100375C9C /* Debug */,
				5D202E651ABBBFE100375C9C /* Release */,
			);
			defaultConfigurationIsVisible = 0;
			defaultConfigurationName = Release;
		};
		5D202E661ABBBFE100375C9C /* Build configuration list for PBXNativeTarget "SmartStaffTests" */ = {
			isa = XCConfigurationList;
			buildConfigurations = (
				5D202E671ABBBFE100375C9C /* Debug */,
				5D202E681ABBBFE100375C9C /* Release */,
			);
			defaultConfigurationIsVisible = 0;
			defaultConfigurationName = Release;
		};
/* End XCConfigurationList section */
	};
	rootObject = 5D202E3C1ABBBFE100375C9C /* Project object */;
}
